
Microsoft Visual Studio Solution File, Format Version 12.00
# Visual Studio Version 17
VisualStudioVersion = 17.4.33213.308
MinimumVisualStudioVersion = 10.0.40219.1
Project("{FAE04EC0-301F-11D3-BF4B-00C04F79EFBC}") = "LINQmethod", "LINQmethod\LINQmethod.csproj", "{E824E75F-0A03-40FB-9049-319D10D29E26}"
EndProject
Global
	GlobalSection(SolutionConfigurationPlatforms) = preSolution
		Debug|Any CPU = Debug|Any CPU
		Release|Any CPU = Release|Any CPU
	EndGlobalSection
	GlobalSection(ProjectConfigurationPlatforms) = postSolution
		{E824E75F-0A03-40FB-9049-319D10D29E26}.Debug|Any CPU.ActiveCfg = Debug|Any CPU
		{E824E75F-0A03-40FB-9049-319D10D29E26}.Debug|Any CPU.Build.0 = Debug|Any CPU
		{E824E75F-0A03-40FB-9049-319D10D29E26}.Release|Any CPU.ActiveCfg = Release|Any CPU
		{E824E75F-0A03-40FB-9049-319D10D29E26}.Release|Any CPU.Build.0 = Release|Any CPU
	EndGlobalSection
	GlobalSection(SolutionProperties) = preSolution
		HideSolutionNode = FALSE
	EndGlobalSection
	GlobalSection(ExtensibilityGlobals) = postSolution
		SolutionGuid = {9DD0DA52-1F7E-4889-9E81-516511F4B5AA}
	EndGlobalSection
EndGlobal
